
Microsoft Visual Studio Solution File, Format Version 12.00
# Visual Studio Version 16
VisualStudioVersion = 16.0.31702.278
MinimumVisualStudioVersion = 10.0.40219.1
Project("{FAE04EC0-301F-11D3-BF4B-00C04F79EFBC}") = "MS_OA", "MS_OA\MS_OA.csproj", "{3AB1BE54-D12B-4F4C-B542-0B52B5FDD3BF}"
EndProject
Global
	GlobalSection(SolutionConfigurationPlatforms) = preSolution
		Debug|Any CPU = Debug|Any CPU
		Release|Any CPU = Release|Any CPU
	EndGlobalSection
	GlobalSection(ProjectConfigurationPlatforms) = postSolution
		{3AB1BE54-D12B-4F4C-B542-0B52B5FDD3BF}.Debug|Any CPU.ActiveCfg = Debug|Any CPU
		{3AB1BE54-D12B-4F4C-B542-0B52B5FDD3BF}.Debug|Any CPU.Build.0 = Debug|Any CPU
		{3AB1BE54-D12B-4F4C-B542-0B52B5FDD3BF}.Release|Any CPU.ActiveCfg = Release|Any CPU
		{3AB1BE54-D12B-4F4C-B542-0B52B5FDD3BF}.Release|Any CPU.Build.0 = Release|Any CPU
	EndGlobalSection
	GlobalSection(SolutionProperties) = preSolution
		HideSolutionNode = FALSE
	EndGlobalSection
	GlobalSection(ExtensibilityGlobals) = postSolution
		SolutionGuid = {19F1436E-F81F-400D-9B56-364C2EFC1FAE}
	EndGlobalSection
EndGlobal
